
Microsoft Visual Studio Solution File, Format Version 12.00
# Visual Studio Version 16
VisualStudioVersion = 16.0.29009.5
MinimumVisualStudioVersion = 10.0.40219.1
Project("{FAE04EC0-301F-11D3-BF4B-00C04F79EFBC}") = "DelegateExample", "DelegateExample.csproj", "{CE74D2A9-B1B0-4888-9CA4-A61D231D6666}"
EndProject
Global
	GlobalSection(SolutionConfigurationPlatforms) = preSolution
		Debug|Any CPU = Debug|Any CPU
		Release|Any CPU = Release|Any CPU
	EndGlobalSection
	GlobalSection(ProjectConfigurationPlatforms) = postSolution
		{CE74D2A9-B1B0-4888-9CA4-A61D231D6666}.Debug|Any CPU.ActiveCfg = Debug|Any CPU
		{CE74D2A9-B1B0-4888-9CA4-A61D231D6666}.Debug|Any CPU.Build.0 = Debug|Any CPU
		{CE74D2A9-B1B0-4888-9CA4-A61D231D6666}.Release|Any CPU.ActiveCfg = Release|Any CPU
		{CE74D2A9-B1B0-4888-9CA4-A61D231D6666}.Release|Any CPU.Build.0 = Release|Any CPU
	EndGlobalSection
	GlobalSection(SolutionProperties) = preSolution
		HideSolutionNode = FALSE
	EndGlobalSection
	GlobalSection(ExtensibilityGlobals) = postSolution
		SolutionGuid = {D7392A9D-9D57-488A-A031-F6BDA19BEF5F}
	EndGlobalSection
EndGlobal
